
Microsoft Visual Studio Solution File, Format Version 12.00
# Visual Studio 15
VisualStudioVersion = 15.0.26124.0
MinimumVisualStudioVersion = 15.0.26124.0
Project("{2150E333-8FDC-42A3-9474-1A3956D46DE8}") = ".paket", ".paket", "{4DB0BA60-8C43-4110-8A45-2BBF6B5F7C58}"
	ProjectSection(SolutionItems) = preProject
		paket.dependencies = paket.dependencies
	EndProjectSection
EndProject
Project("{2150E333-8FDC-42A3-9474-1A3956D46DE8}") = "src", "src", "{D8BD66AD-CD26-443C-B5A0-B68A09E187C9}"
EndProject
Project("{F2A71F9B-5D33-465A-A702-920D77279786}") = "Attributes", "src\Attributes\Attributes.fsproj", "{99FABC1A-B5C7-4663-80E1-E80089665BC8}"
EndProject
Project("{F2A71F9B-5D33-465A-A702-920D77279786}") = "Fluent", "src\Fluent\Fluent.fsproj", "{EA20F605-65AC-4519-A372-BA7134973AC8}"
EndProject
Project("{F2A71F9B-5D33-465A-A702-920D77279786}") = "FsharpPlus", "src\FsharpPlus\FsharpPlus.fsproj", "{86C14A4E-2F3B-4DBC-A9FA-C17AE5179992}"
EndProject
Project("{F2A71F9B-5D33-465A-A702-920D77279786}") = "AccidentalFish", "src\AccidentalFish\AccidentalFish.fsproj", "{D1360592-CE8B-4B5A-89A5-BD90A1C593C5}"
EndProject
Global
	GlobalSection(SolutionConfigurationPlatforms) = preSolution
		Debug|Any CPU = Debug|Any CPU
		Debug|x64 = Debug|x64
		Debug|x86 = Debug|x86
		Release|Any CPU = Release|Any CPU
		Release|x64 = Release|x64
		Release|x86 = Release|x86
	EndGlobalSection
	GlobalSection(SolutionProperties) = preSolution
		HideSolutionNode = FALSE
	EndGlobalSection
	GlobalSection(ProjectConfigurationPlatforms) = postSolution
		{99FABC1A-B5C7-4663-80E1-E80089665BC8}.Debug|Any CPU.ActiveCfg = Debug|Any CPU
		{99FABC1A-B5C7-4663-80E1-E80089665BC8}.Debug|Any CPU.Build.0 = Debug|Any CPU
		{99FABC1A-B5C7-4663-80E1-E80089665BC8}.Debug|x64.ActiveCfg = Debug|Any CPU
		{99FABC1A-B5C7-4663-80E1-E80089665BC8}.Debug|x64.Build.0 = Debug|Any CPU
		{99FABC1A-B5C7-4663-80E1-E80089665BC8}.Debug|x86.ActiveCfg = Debug|Any CPU
		{99FABC1A-B5C7-4663-80E1-E80089665BC8}.Debug|x86.Build.0 = Debug|Any CPU
		{99FABC1A-B5C7-4663-80E1-E80089665BC8}.Release|Any CPU.ActiveCfg = Release|Any CPU
		{99FABC1A-B5C7-4663-80E1-E80089665BC8}.Release|Any CPU.Build.0 = Release|Any CPU
		{99FABC1A-B5C7-4663-80E1-E80089665BC8}.Release|x64.ActiveCfg = Release|Any CPU
		{99FABC1A-B5C7-4663-80E1-E80089665BC8}.Release|x64.Build.0 = Release|Any CPU
		{99FABC1A-B5C7-4663-80E1-E80089665BC8}.Release|x86.ActiveCfg = Release|Any CPU
		{99FABC1A-B5C7-4663-80E1-E80089665BC8}.Release|x86.Build.0 = Release|Any CPU
		{EA20F605-65AC-4519-A372-BA7134973AC8}.Debug|Any CPU.ActiveCfg = Debug|Any CPU
		{EA20F605-65AC-4519-A372-BA7134973AC8}.Debug|Any CPU.Build.0 = Debug|Any CPU
		{EA20F605-65AC-4519-A372-BA7134973AC8}.Debug|x64.ActiveCfg = Debug|Any CPU
		{EA20F605-65AC-4519-A372-BA7134973AC8}.Debug|x64.Build.0 = Debug|Any CPU
		{EA20F605-65AC-4519-A372-BA7134973AC8}.Debug|x86.ActiveCfg = Debug|Any CPU
		{EA20F605-65AC-4519-A372-BA7134973AC8}.Debug|x86.Build.0 = Debug|Any CPU
		{EA20F605-65AC-4519-A372-BA7134973AC8}.Release|Any CPU.ActiveCfg = Release|Any CPU
		{EA20F605-65AC-4519-A372-BA7134973AC8}.Release|Any CPU.Build.0 = Release|Any CPU
		{EA20F605-65AC-4519-A372-BA7134973AC8}.Release|x64.ActiveCfg = Release|Any CPU
		{EA20F605-65AC-4519-A372-BA7134973AC8}.Release|x64.Build.0 = Release|Any CPU
		{EA20F605-65AC-4519-A372-BA7134973AC8}.Release|x86.ActiveCfg = Release|Any CPU
		{EA20F605-65AC-4519-A372-BA7134973AC8}.Release|x86.Build.0 = Release|Any CPU
		{86C14A4E-2F3B-4DBC-A9FA-C17AE5179992}.Debug|Any CPU.ActiveCfg = Debug|Any CPU
		{86C14A4E-2F3B-4DBC-A9FA-C17AE5179992}.Debug|Any CPU.Build.0 = Debug|Any CPU
		{86C14A4E-2F3B-4DBC-A9FA-C17AE5179992}.Debug|x64.ActiveCfg = Debug|Any CPU
		{86C14A4E-2F3B-4DBC-A9FA-C17AE5179992}.Debug|x64.Build.0 = Debug|Any CPU
		{86C14A4E-2F3B-4DBC-A9FA-C17AE5179992}.Debug|x86.ActiveCfg = Debug|Any CPU
		{86C14A4E-2F3B-4DBC-A9FA-C17AE5179992}.Debug|x86.Build.0 = Debug|Any CPU
		{86C14A4E-2F3B-4DBC-A9FA-C17AE5179992}.Release|Any CPU.ActiveCfg = Release|Any CPU
		{86C14A4E-2F3B-4DBC-A9FA-C17AE5179992}.Release|Any CPU.Build.0 = Release|Any CPU
		{86C14A4E-2F3B-4DBC-A9FA-C17AE5179992}.Release|x64.ActiveCfg = Release|Any CPU
		{86C14A4E-2F3B-4DBC-A9FA-C17AE5179992}.Release|x64.Build.0 = Release|Any CPU
		{86C14A4E-2F3B-4DBC-A9FA-C17AE5179992}.Release|x86.ActiveCfg = Release|Any CPU
		{86C14A4E-2F3B-4DBC-A9FA-C17AE5179992}.Release|x86.Build.0 = Release|Any CPU
		{D1360592-CE8B-4B5A-89A5-BD90A1C593C5}.Debug|Any CPU.ActiveCfg = Debug|Any CPU
		{D1360592-CE8B-4B5A-89A5-BD90A1C593C5}.Debug|Any CPU.Build.0 = Debug|Any CPU
		{D1360592-CE8B-4B5A-89A5-BD90A1C593C5}.Debug|x64.ActiveCfg = Debug|Any CPU
		{D1360592-CE8B-4B5A-89A5-BD90A1C593C5}.Debug|x64.Build.0 = Debug|Any CPU
		{D1360592-CE8B-4B5A-89A5-BD90A1C593C5}.Debug|x86.ActiveCfg = Debug|Any CPU
		{D1360592-CE8B-4B5A-89A5-BD90A1C593C5}.Debug|x86.Build.0 = Debug|Any CPU
		{D1360592-CE8B-4B5A-89A5-BD90A1C593C5}.Release|Any CPU.ActiveCfg = Release|Any CPU
		{D1360592-CE8B-4B5A-89A5-BD90A1C593C5}.Release|Any CPU.Build.0 = Release|Any CPU
		{D1360592-CE8B-4B5A-89A5-BD90A1C593C5}.Release|x64.ActiveCfg = Release|Any CPU
		{D1360592-CE8B-4B5A-89A5-BD90A1C593C5}.Release|x64.Build.0 = Release|Any CPU
		{D1360592-CE8B-4B5A-89A5-BD90A1C593C5}.Release|x86.ActiveCfg = Release|Any CPU
		{D1360592-CE8B-4B5A-89A5-BD90A1C593C5}.Release|x86.Build.0 = Release|Any CPU
	EndGlobalSection
	GlobalSection(NestedProjects) = preSolution
		{99FABC1A-B5C7-4663-80E1-E80089665BC8} = {D8BD66AD-CD26-443C-B5A0-B68A09E187C9}
		{EA20F605-65AC-4519-A372-BA7134973AC8} = {D8BD66AD-CD26-443C-B5A0-B68A09E187C9}
		{86C14A4E-2F3B-4DBC-A9FA-C17AE5179992} = {D8BD66AD-CD26-443C-B5A0-B68A09E187C9}
		{D1360592-CE8B-4B5A-89A5-BD90A1C593C5} = {D8BD66AD-CD26-443C-B5A0-B68A09E187C9}
	EndGlobalSection
EndGlobal
